
Microsoft Visual Studio Solution File, Format Version 12.00
# Visual Studio Version 16
VisualStudioVersion = 16.0.30104.148
MinimumVisualStudioVersion = 10.0.40219.1
Project("{FAE04EC0-301F-11D3-BF4B-00C04F79EFBC}") = "B64Editor", "Editors\B64Editor.csproj", "{72914D0A-8FB1-4DDE-8F0F-5DF4C2DE828F}"
EndProject
Project("{FAE04EC0-301F-11D3-BF4B-00C04F79EFBC}") = "TextNEWGUIDReplacer", "TextNEWGUIDReplacer\TextNEWGUIDReplacer.csproj", "{5CF75322-E408-4175-BA14-15CE38344C0C}"
EndProject
Global
	GlobalSection(SolutionConfigurationPlatforms) = preSolution
		Debug|Any CPU = Debug|Any CPU
		Release|Any CPU = Release|Any CPU
	EndGlobalSection
	GlobalSection(ProjectConfigurationPlatforms) = postSolution
		{72914D0A-8FB1-4DDE-8F0F-5DF4C2DE828F}.Debug|Any CPU.ActiveCfg = Debug|Any CPU
		{72914D0A-8FB1-4DDE-8F0F-5DF4C2DE828F}.Debug|Any CPU.Build.0 = Debug|Any CPU
		{72914D0A-8FB1-4DDE-8F0F-5DF4C2DE828F}.Release|Any CPU.ActiveCfg = Release|Any CPU
		{72914D0A-8FB1-4DDE-8F0F-5DF4C2DE828F}.Release|Any CPU.Build.0 = Release|Any CPU
		{5CF75322-E408-4175-BA14-15CE38344C0C}.Debug|Any CPU.ActiveCfg = Debug|Any CPU
		{5CF75322-E408-4175-BA14-15CE38344C0C}.Debug|Any CPU.Build.0 = Debug|Any CPU
		{5CF75322-E408-4175-BA14-15CE38344C0C}.Release|Any CPU.ActiveCfg = Release|Any CPU
		{5CF75322-E408-4175-BA14-15CE38344C0C}.Release|Any CPU.Build.0 = Release|Any CPU
	EndGlobalSection
	GlobalSection(SolutionProperties) = preSolution
		HideSolutionNode = FALSE
	EndGlobalSection
	GlobalSection(ExtensibilityGlobals) = postSolution
		SolutionGuid = {ACF18977-7201-4ED1-A777-61A5EB9A74AA}
	EndGlobalSection
EndGlobal
