
Microsoft Visual Studio Solution File, Format Version 12.00
# Visual Studio Version 16
VisualStudioVersion = 16.0.30104.148
MinimumVisualStudioVersion = 10.0.40219.1
Project("{FAE04EC0-301F-11D3-BF4B-00C04F79EFBC}") = "ShadowTest", "ShadowTest\ShadowTest.csproj", "{AD8CD8DD-1630-4465-9827-19A1798EAF02}"
EndProject
Project("{FAE04EC0-301F-11D3-BF4B-00C04F79EFBC}") = "ReShadowTest", "ReShadowTest\ReShadowTest.csproj", "{3AD8D39D-2B39-4353-BF8A-E22AA86CDED7}"
EndProject
Global
	GlobalSection(SolutionConfigurationPlatforms) = preSolution
		Debug|Any CPU = Debug|Any CPU
		Release|Any CPU = Release|Any CPU
	EndGlobalSection
	GlobalSection(ProjectConfigurationPlatforms) = postSolution
		{AD8CD8DD-1630-4465-9827-19A1798EAF02}.Debug|Any CPU.ActiveCfg = Debug|Any CPU
		{AD8CD8DD-1630-4465-9827-19A1798EAF02}.Debug|Any CPU.Build.0 = Debug|Any CPU
		{AD8CD8DD-1630-4465-9827-19A1798EAF02}.Release|Any CPU.ActiveCfg = Release|Any CPU
		{AD8CD8DD-1630-4465-9827-19A1798EAF02}.Release|Any CPU.Build.0 = Release|Any CPU
		{3AD8D39D-2B39-4353-BF8A-E22AA86CDED7}.Debug|Any CPU.ActiveCfg = Debug|Any CPU
		{3AD8D39D-2B39-4353-BF8A-E22AA86CDED7}.Debug|Any CPU.Build.0 = Debug|Any CPU
		{3AD8D39D-2B39-4353-BF8A-E22AA86CDED7}.Release|Any CPU.ActiveCfg = Release|Any CPU
		{3AD8D39D-2B39-4353-BF8A-E22AA86CDED7}.Release|Any CPU.Build.0 = Release|Any CPU
	EndGlobalSection
	GlobalSection(SolutionProperties) = preSolution
		HideSolutionNode = FALSE
	EndGlobalSection
	GlobalSection(ExtensibilityGlobals) = postSolution
		SolutionGuid = {495E885F-A0E9-4706-9A7C-DC62FBCEB1F2}
	EndGlobalSection
EndGlobal
