
Microsoft Visual Studio Solution File, Format Version 12.00
# Visual Studio Version 16
VisualStudioVersion = 16.0.30104.148
MinimumVisualStudioVersion = 10.0.40219.1
Project("{FAE04EC0-301F-11D3-BF4B-00C04F79EFBC}") = "WindowsService3000", "WindowsService3000\WindowsService3000.csproj", "{8EC1F7DF-6299-4CCD-85F5-435E6AC3E198}"
EndProject
Global
	GlobalSection(SolutionConfigurationPlatforms) = preSolution
		Debug|Any CPU = Debug|Any CPU
		Release|Any CPU = Release|Any CPU
	EndGlobalSection
	GlobalSection(ProjectConfigurationPlatforms) = postSolution
		{8EC1F7DF-6299-4CCD-85F5-435E6AC3E198}.Debug|Any CPU.ActiveCfg = Debug|Any CPU
		{8EC1F7DF-6299-4CCD-85F5-435E6AC3E198}.Debug|Any CPU.Build.0 = Debug|Any CPU
		{8EC1F7DF-6299-4CCD-85F5-435E6AC3E198}.Release|Any CPU.ActiveCfg = Release|Any CPU
		{8EC1F7DF-6299-4CCD-85F5-435E6AC3E198}.Release|Any CPU.Build.0 = Release|Any CPU
	EndGlobalSection
	GlobalSection(SolutionProperties) = preSolution
		HideSolutionNode = FALSE
	EndGlobalSection
	GlobalSection(ExtensibilityGlobals) = postSolution
		SolutionGuid = {7BC2EECC-2B2B-4E69-9890-CA9B581DD8AA}
	EndGlobalSection
EndGlobal
